// !$*UTF8*$!
{
	archiveVersion = 1;
	classes = {
	};
	objectVersion = 46;
	objects = {

/* Begin PBXBuildFile section */
		66DEB8C11EEAED4F002CE538 /* AppDelegate.swift in Sources */ = {isa = PBXBuildFile; fileRef = 66DEB8C01EEAED4F002CE538 /* AppDelegate.swift */; };
		66DEB8C31EEAED4F002CE538 /* ViewController.swift in Sources */ = {isa = PBXBuildFile; fileRef = 66DEB8C21EEAED4F002CE538 /* ViewController.swift */; };
		66DEB8C61EEAED4F002CE538 /* Main.storyboard in Resources */ = {isa = PBXBuildFile; fileRef = 66DEB8C41EEAED4F002CE538 /* Main.storyboard */; };
		66DEB8C81EEAED4F002CE538 /* Assets.xcassets in Resources */ = {isa = PBXBuildFile; fileRef = 66DEB8C71EEAED4F002CE538 /* Assets.xcassets */; };
		66DEB8CB1EEAED4F002CE538 /* LaunchScreen.storyboard in Resources */ = {isa = PBXBuildFile; fileRef = 66DEB8C91EEAED4F002CE538 /* LaunchScreen.storyboard */; };
/* End PBXBuildFile section */

/* Begin PBXFileReference section */
		66DEB8BD1EEAED4F002CE538 /* BrokenQuiz.app */ = {isa = PBXFileReference; explicitFileType = wrapper.application; includeInIndex = 0; path = BrokenQuiz.app; sourceTree = BUILT_PRODUCTS_DIR; };
		66DEB8C01EEAED4F002CE538 /* AppDelegate.swift */ = {isa = PBXFileReference; lastKnownFileType = sourcecode.swift; path = AppDelegate.swift; sourceTree = "<group>"; };
		66DEB8C21EEAED4F002CE538 /* ViewController.swift */ = {isa = PBXFileReference; lastKnownFileType = sourcecode.swift; path = ViewController.swift; sourceTree = "<group>"; };
		66DEB8C51EEAED4F002CE538 /* Base */ = {isa = PBXFileReference; lastKnownFileType = file.storyboard; name = Base; path = Base.lproj/Main.storyboard; sourceTree = "<group>"; };
		66DEB8C71EEAED4F002CE538 /* Assets.xcassets */ = {isa = PBXFileReference; lastKnownFileType = folder.assetcatalog; path = Assets.xcassets; sourceTree = "<group>"; };
		66DEB8CA1EEAED4F002CE538 /* Base */ = {isa = PBXFileReference; lastKnownFileType = file.storyboard; name = Base; path = Base.lproj/LaunchScreen.storyboard; sourceTree = "<group>"; };
		66DEB8CC1EEAED4F002CE538 /* Info.plist */ = {isa = PBXFileReference; lastKnownFileType = text.plist.xml; path = Info.plist; sourceTree = "<group>"; };
/* End PBXFileReference section */

/* Begin PBXFrameworksBuildPhase section */
		66DEB8BA1EEAED4F002CE538 /* Frameworks */ = {
			isa = PBXFrameworksBuildPhase;
			buildActionMask = 2147483647;
			files = (
			);
			runOnlyForDeploymentPostprocessing = 0;
		};
/* End PBXFrameworksBuildPhase section */

/* Begin PBXGroup section */
		66DEB8B41EEAED4F002CE538 = {
			isa = PBXGroup;
			children = (
				66DEB8BF1EEAED4F002CE538 /* BrokenQuiz */,
				66DEB8BE1EEAED4F002CE538 /* Products */,
			);
			sourceTree = "<group>";
		};
		66DEB8BE1EEAED4F002CE538 /* Products */ = {
			isa = PBXGroup;
			children = (
				66DEB8BD1EEAED4F002CE538 /* BrokenQuiz.app */,
			);
			name = Products;
			sourceTree = "<group>";
		};
		66DEB8BF1EEAED4F002CE538 /* BrokenQuiz */ = {
			isa = PBXGroup;
			children = (
				66DEB8C01EEAED4F002CE538 /* AppDelegate.swift */,
				66DEB8C21EEAED4F002CE538 /* ViewController.swift */,
				66DEB8C41EEAED4F002CE538 /* Main.storyboard */,
				66DEB8C71EEAED4F002CE538 /* Assets.xcassets */,
				66DEB8C91EEAED4F002CE538 /* LaunchScreen.storyboard */,
				66DEB8CC1EEAED4F002CE538 /* Info.plist */,
			);
			path = BrokenQuiz;
			sourceTree = "<group>";
		};
/* End PBXGroup section */

/* Begin PBXNativeTarget section */
		66DEB8BC1EEAED4F002CE538 /* BrokenQuiz */ = {
			isa = PBXNativeTarget;
			buildConfigurationList = 66DEB8CF1EEAED4F002CE538 /* Build configuration list for PBXNativeTarget "BrokenQuiz" */;
			buildPhases = (
				66DEB8B91EEAED4F002CE538 /* Sources */,
				66DEB8BA1EEAED4F002CE538 /* Frameworks */,
				66DEB8BB1EEAED4F002CE538 /* Resources */,
			);
			buildRules = (
			);
			dependencies = (
			);
			name = BrokenQuiz;
			productName = BrokenQuiz;
			productReference = 66DEB8BD1EEAED4F002CE538 /* BrokenQuiz.app */;
			productType = "com.apple.product-type.application";
		};
/* End PBXNativeTarget section */

/* Begin PBXProject section */
		66DEB8B51EEAED4F002CE538 /* Project object */ = {
			isa = PBXProject;
			attributes = {
				LastSwiftUpdateCheck = 0830;
				LastUpgradeCheck = 0830;
				ORGANIZATIONNAME = "Digital Leaves";
				TargetAttributes = {
					66DEB8BC1EEAED4F002CE538 = {
						CreatedOnToolsVersion = 8.3.3;
						DevelopmentTeam = 97P9DZHP78;
						ProvisioningStyle = Automatic;
					};
				};
			};
			buildConfigurationList = 66DEB8B81EEAED4F002CE538 /* Build configuration list for PBXProject "BrokenQuiz" */;
			compatibilityVersion = "Xcode 3.2";
			developmentRegion = English;
			hasScannedForEncodings = 0;
			knownRegions = (
				en,
				Base,
			);
			mainGroup = 66DEB8B41EEAED4F002CE538;
			productRefGroup = 66DEB8BE1EEAED4F002CE538 /* Products */;
			projectDirPath = "";
			projectRoot = "";
			targets = (
				66DEB8BC1EEAED4F002CE538 /* BrokenQuiz */,
			);
		};
/* End PBXProject section */

/* Begin PBXResourcesBuildPhase section */
		66DEB8BB1EEAED4F002CE538 /* Resources */ = {
			isa = PBXResourcesBuildPhase;
			buildActionMask = 2147483647;
			files = (
				66DEB8CB1EEAED4F002CE538 /* LaunchScreen.storyboard in Resources */,
				66DEB8C81EEAED4F002CE538 /* Assets.xcassets in Resources */,
				66DEB8C61EEAED4F002CE538 /* Main.storyboard in Resources */,
			);
			runOnlyForDeploymentPostprocessing = 0;
		};
/* End PBXResourcesBuildPhase section */

/* Begin PBXSourcesBuildPhase section */
		66DEB8B91EEAED4F002CE538 /* Sources */ = {
			isa = PBXSourcesBuildPhase;
			buildActionMask = 2147483647;
			files = (
				66DEB8C31EEAED4F002CE538 /* ViewController.swift in Sources */,
				66DEB8C11EEAED4F002CE538 /* AppDelegate.swift in Sources */,
			);
			runOnlyForDeploymentPostprocessing = 0;
		};
/* End PBXSourcesBuildPhase section */

/* Begin PBXVariantGroup section */
		66DEB8C41EEAED4F002CE538 /* Main.storyboard */ = {
			isa = PBXVariantGroup;
			children = (
				66DEB8C51EEAED4F002CE538 /* Base */,
			);
			name = Main.storyboard;
			sourceTree = "<group>";
		};
		66DEB8C91EEAED4F002CE538 /* LaunchScreen.storyboard */ = {
			isa = PBXVariantGroup;
			children = (
				66DEB8CA1EEAED4F002CE538 /* Base */,
			);
			name = LaunchScreen.storyboard;
			sourceTree = "<group>";
		};
/* End PBXVariantGroup section */

/* Begin XCBuildConfiguration section */
		66DEB8CD1EEAED4F002CE538 /* Debug */ = {
			isa = XCBuildConfiguration;
			buildSettings = {
				ALWAYS_SEARCH_USER_PATHS = NO;
				CLANG_ANALYZER_NONNULL = YES;
				CLANG_ANALYZER_NUMBER_OBJECT_CONVERSION = YES_AGGRESSIVE;
				CLANG_CXX_LANGUAGE_STANDARD = "gnu++0x";
				CLANG_CXX_LIBRARY = "libc++";
				CLANG_ENABLE_MODULES = YES;
				CLANG_ENABLE_OBJC_ARC = YES;
				CLANG_WARN_BOOL_CONVERSION = YES;
				CLANG_WARN_CONSTANT_CONVERSION = YES;
				CLANG_WARN_DIRECT_OBJC_ISA_USAGE = YES_ERROR;
				CLANG_WARN_DOCUMENTATION_COMMENTS = YES;
				CLANG_WARN_EMPTY_BODY = YES;
				CLANG_WARN_ENUM_CONVERSION = YES;
				CLANG_WARN_INFINITE_RECURSION = YES;
				CLANG_WARN_INT_CONVERSION = YES;
				CLANG_WARN_OBJC_ROOT_CLASS = YES_ERROR;
				CLANG_WARN_SUSPICIOUS_MOVE = YES;
				CLANG_WARN_UNREACHABLE_CODE = YES;
				CLANG_WARN__DUPLICATE_METHOD_MATCH = YES;
				"CODE_SIGN_IDENTITY[sdk=iphoneos*]" = "iPhone Developer";
				COPY_PHASE_STRIP = NO;
				DEBUG_INFORMATION_FORMAT = dwarf;
				ENABLE_STRICT_OBJC_MSGSEND = YES;
				ENABLE_TESTABILITY = YES;
				GCC_C_LANGUAGE_STANDARD = gnu99;
				GCC_DYNAMIC_NO_PIC = NO;
				GCC_NO_COMMON_BLOCKS = YES;
				GCC_OPTIMIZATION_LEVEL = 0;
				GCC_PREPROCESSOR_DEFINITIONS = (
					"DEBUG=1",
					"$(inherited)",
				);
				GCC_WARN_64_TO_32_BIT_CONVERSION = YES;
				GCC_WARN_ABOUT_RETURN_TYPE = YES_ERROR;
				GCC_WARN_UNDECLARED_SELECTOR = YES;
				GCC_WARN_UNINITIALIZED_AUTOS = YES_AGGRESSIVE;
				GCC_WARN_UNUSED_FUNCTION = YES;
				GCC_WARN_UNUSED_VARIABLE = YES;
				IPHONEOS_DEPLOYMENT_TARGET = 10.3;
				MTL_ENABLE_DEBUG_INFO = YES;
				ONLY_ACTIVE_ARCH = YES;
				SDKROOT = iphoneos;
				SWIFT_ACTIVE_COMPILATION_CONDITIONS = DEBUG;
				SWIFT_OPTIMIZATION_LEVEL = "-Onone";
				TARGETED_DEVICE_FAMILY = "1,2";
			};
			name = Debug;
		};
		66DEB8CE1EEAED4F002CE538 /* Release */ = {
			isa = XCBuildConfiguration;
			buildSettings = {
				ALWAYS_SEARCH_USER_PATHS = NO;
				CLANG_ANALYZER_NONNULL = YES;
				CLANG_ANALYZER_NUMBER_OBJECT_CONVERSION = YES_AGGRESSIVE;
				CLANG_CXX_LANGUAGE_STANDARD = "gnu++0x";
				CLANG_CXX_LIBRARY = "libc++";
				CLANG_ENABLE_MODULES = YES;
				CLANG_ENABLE_OBJC_ARC = YES;
				CLANG_WARN_BOOL_CONVERSION = YES;
				CLANG_WARN_CONSTANT_CONVERSION = YES;
				CLANG_WARN_DIRECT_OBJC_ISA_USAGE = YES_ERROR;
				CLANG_WARN_DOCUMENTATION_COMMENTS = YES;
				CLANG_WARN_EMPTY_BODY = YES;
				CLANG_WARN_ENUM_CONVERSION = YES;
				CLANG_WARN_INFINITE_RECURSION = YES;
				CLANG_WARN_INT_CONVERSION = YES;
				CLANG_WARN_OBJC_ROOT_CLASS = YES_ERROR;
				CLANG_WARN_SUSPICIOUS_MOVE = YES;
				CLANG_WARN_UNREACHABLE_CODE = YES;
				CLANG_WARN__DUPLICATE_METHOD_MATCH = YES;
				"CODE_SIGN_IDENTITY[sdk=iphoneos*]" = "iPhone Developer";
				COPY_PHASE_STRIP = NO;
				DEBUG_INFORMATION_FORMAT = "dwarf-with-dsym";
				ENABLE_NS_ASSERTIONS = NO;
				ENABLE_STRICT_OBJC_MSGSEND = YES;
				GCC_C_LANGUAGE_STANDARD = gnu99;
				GCC_NO_COMMON_BLOCKS = YES;
				GCC_WARN_64_TO_32_BIT_CONVERSION = YES;
				GCC_WARN_ABOUT_RETURN_TYPE = YES_ERROR;
				GCC_WARN_UNDECLARED_SELECTOR = YES;
				GCC_WARN_UNINITIALIZED_AUTOS = YES_AGGRESSIVE;
				GCC_WARN_UNUSED_FUNCTION = YES;
				GCC_WARN_UNUSED_VARIABLE = YES;
				IPHONEOS_DEPLOYMENT_TARGET = 10.3;
				MTL_ENABLE_DEBUG_INFO = NO;
				SDKROOT = iphoneos;
				SWIFT_OPTIMIZATION_LEVEL = "-Owholemodule";
				TARGETED_DEVICE_FAMILY = "1,2";
				VALIDATE_PRODUCT = YES;
			};
			name = Release;
		};
		66DEB8D01EEAED4F002CE538 /* Debug */ = {
			isa = XCBuildConfiguration;
			buildSettings = {
				ASSETCATALOG_COMPILER_APPICON_NAME = AppIcon;
				DEVELOPMENT_TEAM = 97P9DZHP78;
				INFOPLIST_FILE = BrokenQuiz/Info.plist;
				LD_RUNPATH_SEARCH_PATHS = "$(inherited) @executable_path/Frameworks";
				PRODUCT_BUNDLE_IDENTIFIER = com.DigitalLeaves.BrokenQuiz;
				PRODUCT_NAME = "$(TARGET_NAME)";
				SWIFT_VERSION = 3.0;
			};
			name = Debug;
		};
		66DEB8D11EEAED4F002CE538 /* Release */ = {
			isa = XCBuildConfiguration;
			buildSettings = {
				ASSETCATALOG_COMPILER_APPICON_NAME = AppIcon;
				DEVELOPMENT_TEAM = 97P9DZHP78;
				INFOPLIST_FILE = BrokenQuiz/Info.plist;
				LD_RUNPATH_SEARCH_PATHS = "$(inherited) @executable_path/Frameworks";
				PRODUCT_BUNDLE_IDENTIFIER = com.DigitalLeaves.BrokenQuiz;
				PRODUCT_NAME = "$(TARGET_NAME)";
				SWIFT_VERSION = 3.0;
			};
			name = Release;
		};
/* End XCBuildConfiguration section */

/* Begin XCConfigurationList section */
		66DEB8B81EEAED4F002CE538 /* Build configuration list for PBXProject "BrokenQuiz" */ = {
			isa = XCConfigurationList;
			buildConfigurations = (
				66DEB8CD1EEAED4F002CE538 /* Debug */,
				66DEB8CE1EEAED4F002CE538 /* Release */,
			);
			defaultConfigurationIsVisible = 0;
			defaultConfigurationName = Release;
		};
		66DEB8CF1EEAED4F002CE538 /* Build configuration list for PBXNativeTarget "BrokenQuiz" */ = {
			isa = XCConfigurationList;
			buildConfigurations = (
				66DEB8D01EEAED4F002CE538 /* Debug */,
				66DEB8D11EEAED4F002CE538 /* Release */,
			);
			defaultConfigurationIsVisible = 0;
		};
/* End XCConfigurationList section */
	};
	rootObject = 66DEB8B51EEAED4F002CE538 /* Project object */;
}
